# This file is autogenerated, do not edit; changes may be undone by the next 'dep ensure'.


[[projects]]
  branch = "master"
  name = "github.com/joshuaferrara/go-satellite"
  packages = ["."]
  revision = "6c27b075eb327b76d27e3810e5d3417a8dded60c"

[solve-meta]
  analyzer-name = "dep"
  analyzer-version = 1
  inputs-digest = "6289439fdec681665bd22a580f6cb5af6554c29240406f01643c8d7bf5fddda4"
  solver-name = "gps-cdcl"
  solver-version = 1
